
Microsoft Visual Studio Solution File, Format Version 12.00
# Visual Studio Version 17
VisualStudioVersion = 17.13.35825.156 d17.13
MinimumVisualStudioVersion = 10.0.40219.1
Project("{FAE04EC0-301F-11D3-BF4B-00C04F79EFBC}") = "t1-pr1-ex5-cryptography", "t1-pr1-ex5-cryptography.csproj", "{71964EB6-1EAB-4747-B9DD-F7E1E7DDF25B}"
EndProject
Global
	GlobalSection(SolutionConfigurationPlatforms) = preSolution
		Debug|Any CPU = Debug|Any CPU
		Release|Any CPU = Release|Any CPU
	EndGlobalSection
	GlobalSection(ProjectConfigurationPlatforms) = postSolution
		{71964EB6-1EAB-4747-B9DD-F7E1E7DDF25B}.Debug|Any CPU.ActiveCfg = Debug|Any CPU
		{71964EB6-1EAB-4747-B9DD-F7E1E7DDF25B}.Debug|Any CPU.Build.0 = Debug|Any CPU
		{71964EB6-1EAB-4747-B9DD-F7E1E7DDF25B}.Release|Any CPU.ActiveCfg = Release|Any CPU
		{71964EB6-1EAB-4747-B9DD-F7E1E7DDF25B}.Release|Any CPU.Build.0 = Release|Any CPU
	EndGlobalSection
	GlobalSection(SolutionProperties) = preSolution
		HideSolutionNode = FALSE
	EndGlobalSection
	GlobalSection(ExtensibilityGlobals) = postSolution
		SolutionGuid = {FEB42F60-5E73-4A45-9A2B-E524EC5DD911}
	EndGlobalSection
EndGlobal
